
Microsoft Visual Studio Solution File, Format Version 12.00
# Visual Studio Version 17
VisualStudioVersion = 17.4.33213.308
MinimumVisualStudioVersion = 10.0.40219.1
Project("{9A19103F-16F7-4668-BE54-9A1E7A4F7556}") = "Cards", "ConsoleApp1\Cards.csproj", "{CE1207FB-8556-460B-B6A3-52573508E81C}"
EndProject
Global
	GlobalSection(SolutionConfigurationPlatforms) = preSolution
		Debug|Any CPU = Debug|Any CPU
		Release|Any CPU = Release|Any CPU
	EndGlobalSection
	GlobalSection(ProjectConfigurationPlatforms) = postSolution
		{CE1207FB-8556-460B-B6A3-52573508E81C}.Debug|Any CPU.ActiveCfg = Debug|Any CPU
		{CE1207FB-8556-460B-B6A3-52573508E81C}.Debug|Any CPU.Build.0 = Debug|Any CPU
		{CE1207FB-8556-460B-B6A3-52573508E81C}.Release|Any CPU.ActiveCfg = Release|Any CPU
		{CE1207FB-8556-460B-B6A3-52573508E81C}.Release|Any CPU.Build.0 = Release|Any CPU
	EndGlobalSection
	GlobalSection(SolutionProperties) = preSolution
		HideSolutionNode = FALSE
	EndGlobalSection
	GlobalSection(ExtensibilityGlobals) = postSolution
		SolutionGuid = {DFEA55C0-0AEF-4D0F-BB9D-2979100E9B26}
	EndGlobalSection
EndGlobal
